STORAGE: NONE
NUGET
  remote: https://daily.websharper.com/nuget
    WebSharper (4.5.2.308)
    WebSharper.FSharp (4.5.2.308)
      WebSharper (4.5.2.308)

GROUP build
RESTRICTION: == net45
NUGET
  remote: https://api.nuget.org/v3/index.json
    Chessie (0.6)
      FSharp.Core
    FAKE (5.3)
    FSharp.Compiler.Tools (10.0.2)
    FSharp.Core (4.5.2)
    Mono.Cecil (0.10)
    Newtonsoft.Json (11.0.2)
    Paket.Core (5.173.1)
      Chessie (>= 0.6)
      FSharp.Compiler.Tools
      FSharp.Core
      Mono.Cecil (>= 0.10.0-beta6)
      Newtonsoft.Json

GROUP includes

GITHUB
  remote: dotnet-websharper/websharper
    src/htmllib/tags.csv (e5140452a12450451be5534c12f5e66fe9fcaee8)
GROUP wsbuild

GIT
  remote: https://github.com/dotnet-websharper/build-script
     (e000569985e43f3129ad07b2f559314d080cfa9e)