
Microsoft Visual Studio Solution File, Format Version 12.00
# Visual Studio 2013
VisualStudioVersion = 12.0.31101.0
MinimumVisualStudioVersion = 10.0.40219.1
Project("{F2A71F9B-5D33-465A-A702-920D77279786}") = "WebSharper.React", "WebSharper.React\WebSharper.React.fsproj", "{6FCB47E7-BCDC-4119-A333-E53EE7DF0AE2}"
EndProject
Project("{F2A71F9B-5D33-465A-A702-920D77279786}") = "WebSharper.React.Bindings", "WebSharper.React.Bindings\WebSharper.React.Bindings.fsproj", "{A0D3C1C0-ADDE-40E9-AC40-A991B0DAFA61}"
EndProject
Project("{F2A71F9B-5D33-465A-A702-920D77279786}") = "WebSharper.React.Tests", "WebSharper.React.Tests\WebSharper.React.Tests.fsproj", "{35CB0A35-DEF3-4C94-B2A4-299CB7F9408F}"
EndProject
Global
	GlobalSection(SolutionConfigurationPlatforms) = preSolution
		Debug|Any CPU = Debug|Any CPU
		Release|Any CPU = Release|Any CPU
	EndGlobalSection
	GlobalSection(ProjectConfigurationPlatforms) = postSolution
		{6FCB47E7-BCDC-4119-A333-E53EE7DF0AE2}.Debug|Any CPU.ActiveCfg = Debug|Any CPU
		{6FCB47E7-BCDC-4119-A333-E53EE7DF0AE2}.Debug|Any CPU.Build.0 = Debug|Any CPU
		{6FCB47E7-BCDC-4119-A333-E53EE7DF0AE2}.Release|Any CPU.ActiveCfg = Release|Any CPU
		{6FCB47E7-BCDC-4119-A333-E53EE7DF0AE2}.Release|Any CPU.Build.0 = Release|Any CPU
		{A0D3C1C0-ADDE-40E9-AC40-A991B0DAFA61}.Debug|Any CPU.ActiveCfg = Debug|Any CPU
		{A0D3C1C0-ADDE-40E9-AC40-A991B0DAFA61}.Debug|Any CPU.Build.0 = Debug|Any CPU
		{A0D3C1C0-ADDE-40E9-AC40-A991B0DAFA61}.Release|Any CPU.ActiveCfg = Release|Any CPU
		{A0D3C1C0-ADDE-40E9-AC40-A991B0DAFA61}.Release|Any CPU.Build.0 = Release|Any CPU
		{35CB0A35-DEF3-4C94-B2A4-299CB7F9408F}.Debug|Any CPU.ActiveCfg = Debug|Any CPU
		{35CB0A35-DEF3-4C94-B2A4-299CB7F9408F}.Debug|Any CPU.Build.0 = Debug|Any CPU
		{35CB0A35-DEF3-4C94-B2A4-299CB7F9408F}.Release|Any CPU.ActiveCfg = Release|Any CPU
		{35CB0A35-DEF3-4C94-B2A4-299CB7F9408F}.Release|Any CPU.Build.0 = Release|Any CPU
	EndGlobalSection
	GlobalSection(SolutionProperties) = preSolution
		HideSolutionNode = FALSE
	EndGlobalSection
EndGlobal
